{
  "object": {
    "pins": [
      {
        "package": "DrinkOnKit",
        "repositoryURL": "https://github.com/elemprod/DrinkOnKit.git",
        "state": {
          "branch": "master",
          "revision": "4fd1d373718ab16b77fb7017035c3d2f2ed3664d",
          "version": null
        }
      }
    ]
  },
  "version": 1
}
